
Microsoft Visual Studio Solution File, Format Version 12.00
# Visual Studio 15
VisualStudioVersion = 15.0.28124.53
MinimumVisualStudioVersion = 10.0.40219.1
Project("{FAE04EC0-301F-11D3-BF4B-00C04F79EFBC}") = "Tests", "Tests\Tests.csproj", "{30FF6428-0DA2-4AFC-B7B5-8D45805B973E}"
EndProject
Project("{FAE04EC0-301F-11D3-BF4B-00C04F79EFBC}") = "Console", "Console\Console.csproj", "{C27C128A-EBD0-4BA1-BFC7-95E4FC8D62CA}"
EndProject
Global
	GlobalSection(SolutionConfigurationPlatforms) = preSolution
		Debug|Any CPU = Debug|Any CPU
		Release|Any CPU = Release|Any CPU
	EndGlobalSection
	GlobalSection(ProjectConfigurationPlatforms) = postSolution
		{30FF6428-0DA2-4AFC-B7B5-8D45805B973E}.Debug|Any CPU.ActiveCfg = Debug|Any CPU
		{30FF6428-0DA2-4AFC-B7B5-8D45805B973E}.Debug|Any CPU.Build.0 = Debug|Any CPU
		{30FF6428-0DA2-4AFC-B7B5-8D45805B973E}.Release|Any CPU.ActiveCfg = Release|Any CPU
		{30FF6428-0DA2-4AFC-B7B5-8D45805B973E}.Release|Any CPU.Build.0 = Release|Any CPU
		{C27C128A-EBD0-4BA1-BFC7-95E4FC8D62CA}.Debug|Any CPU.ActiveCfg = Debug|Any CPU
		{C27C128A-EBD0-4BA1-BFC7-95E4FC8D62CA}.Debug|Any CPU.Build.0 = Debug|Any CPU
		{C27C128A-EBD0-4BA1-BFC7-95E4FC8D62CA}.Release|Any CPU.ActiveCfg = Release|Any CPU
		{C27C128A-EBD0-4BA1-BFC7-95E4FC8D62CA}.Release|Any CPU.Build.0 = Release|Any CPU
	EndGlobalSection
	GlobalSection(SolutionProperties) = preSolution
		HideSolutionNode = FALSE
	EndGlobalSection
EndGlobal
